FORGE
  remote: https://forgeapi.puppetlabs.com
  specs:
    icinga-icingaweb2 (1.0.3)
      puppetlabs-apache (>= 1.2.0)
      puppetlabs-concat (>= 1.2.0)
      puppetlabs-inifile (>= 1.2.0)
      puppetlabs-stdlib (>= 4.4.0)
      puppetlabs-vcsrepo (>= 1.2.0)
    nanliu-staging (1.0.3)
    puppetlabs-apache (1.5.0)
      puppetlabs-concat (< 2.0.0, >= 1.1.1)
      puppetlabs-stdlib (< 5.0.0, >= 2.4.0)
    puppetlabs-apt (2.1.0)
      puppetlabs-stdlib (< 5.0.0, >= 4.5.0)
    puppetlabs-concat (1.2.3)
      puppetlabs-stdlib (< 5.0.0, >= 3.2.0)
    puppetlabs-git (0.4.0)
      puppetlabs-stdlib (>= 3.2.0)
    puppetlabs-inifile (1.3.0)
    puppetlabs-mysql (3.4.0)
      nanliu-staging (~> 1.0)
      puppetlabs-stdlib (< 5.0.0, >= 3.2.0)
    puppetlabs-stdlib (4.6.0)
    puppetlabs-vcsrepo (1.3.0)

GIT
  remote: git://github.com/Icinga/puppet-icinga2.git
  ref: develop
  sha: 404631c031dfaf1ee98a4b93ec56a85338462879
  specs:
    icinga-icinga2 (0.6.1)
      puppetlabs-apt (>= 1.5.2)
      puppetlabs-stdlib (>= 4.3.2)

DEPENDENCIES
  icinga-icinga2 (>= 0)
  icinga-icingaweb2 (>= 0)
  puppetlabs-apache (>= 0)
  puppetlabs-apt (>= 0)
  puppetlabs-git (>= 0)
  puppetlabs-mysql (>= 0)

